
Microsoft Visual Studio Solution File, Format Version 12.00
# Visual Studio Version 17
VisualStudioVersion = 17.8.34330.188
MinimumVisualStudioVersion = 10.0.40219.1
Project("{FAE04EC0-301F-11D3-BF4B-00C04F79EFBC}") = "D", "D\D.csproj", "{54636B14-9A65-43D8-8609-E042A08EC75D}"
EndProject
Global
	GlobalSection(SolutionConfigurationPlatforms) = preSolution
		Debug|Any CPU = Debug|Any CPU
		Release|Any CPU = Release|Any CPU
	EndGlobalSection
	GlobalSection(ProjectConfigurationPlatforms) = postSolution
		{54636B14-9A65-43D8-8609-E042A08EC75D}.Debug|Any CPU.ActiveCfg = Debug|Any CPU
		{54636B14-9A65-43D8-8609-E042A08EC75D}.Debug|Any CPU.Build.0 = Debug|Any CPU
		{54636B14-9A65-43D8-8609-E042A08EC75D}.Release|Any CPU.ActiveCfg = Release|Any CPU
		{54636B14-9A65-43D8-8609-E042A08EC75D}.Release|Any CPU.Build.0 = Release|Any CPU
	EndGlobalSection
	GlobalSection(SolutionProperties) = preSolution
		HideSolutionNode = FALSE
	EndGlobalSection
	GlobalSection(ExtensibilityGlobals) = postSolution
		SolutionGuid = {74A85075-A968-4B54-B6E1-D650A684FF13}
	EndGlobalSection
EndGlobal
