
Microsoft Visual Studio Solution File, Format Version 12.00
# Visual Studio Version 17
VisualStudioVersion = 17.8.34330.188
MinimumVisualStudioVersion = 10.0.40219.1
Project("{FAE04EC0-301F-11D3-BF4B-00C04F79EFBC}") = "S", "S\S.csproj", "{32C3B534-4152-4EE3-8C3F-B903315AD7B6}"
EndProject
Global
	GlobalSection(SolutionConfigurationPlatforms) = preSolution
		Debug|Any CPU = Debug|Any CPU
		Release|Any CPU = Release|Any CPU
	EndGlobalSection
	GlobalSection(ProjectConfigurationPlatforms) = postSolution
		{32C3B534-4152-4EE3-8C3F-B903315AD7B6}.Debug|Any CPU.ActiveCfg = Debug|Any CPU
		{32C3B534-4152-4EE3-8C3F-B903315AD7B6}.Debug|Any CPU.Build.0 = Debug|Any CPU
		{32C3B534-4152-4EE3-8C3F-B903315AD7B6}.Release|Any CPU.ActiveCfg = Release|Any CPU
		{32C3B534-4152-4EE3-8C3F-B903315AD7B6}.Release|Any CPU.Build.0 = Release|Any CPU
	EndGlobalSection
	GlobalSection(SolutionProperties) = preSolution
		HideSolutionNode = FALSE
	EndGlobalSection
	GlobalSection(ExtensibilityGlobals) = postSolution
		SolutionGuid = {D24A1189-8A28-49AC-835F-965F5AAA1FA9}
	EndGlobalSection
EndGlobal
