
Microsoft Visual Studio Solution File, Format Version 12.00
# Visual Studio Version 17
VisualStudioVersion = 17.8.34330.188
MinimumVisualStudioVersion = 10.0.40219.1
Project("{FAE04EC0-301F-11D3-BF4B-00C04F79EFBC}") = "F", "F\F.csproj", "{631E0301-6CBC-4A52-B146-46B009E5B4FF}"
EndProject
Global
	GlobalSection(SolutionConfigurationPlatforms) = preSolution
		Debug|Any CPU = Debug|Any CPU
		Release|Any CPU = Release|Any CPU
	EndGlobalSection
	GlobalSection(ProjectConfigurationPlatforms) = postSolution
		{631E0301-6CBC-4A52-B146-46B009E5B4FF}.Debug|Any CPU.ActiveCfg = Debug|Any CPU
		{631E0301-6CBC-4A52-B146-46B009E5B4FF}.Debug|Any CPU.Build.0 = Debug|Any CPU
		{631E0301-6CBC-4A52-B146-46B009E5B4FF}.Release|Any CPU.ActiveCfg = Release|Any CPU
		{631E0301-6CBC-4A52-B146-46B009E5B4FF}.Release|Any CPU.Build.0 = Release|Any CPU
	EndGlobalSection
	GlobalSection(SolutionProperties) = preSolution
		HideSolutionNode = FALSE
	EndGlobalSection
	GlobalSection(ExtensibilityGlobals) = postSolution
		SolutionGuid = {0A3D8D41-20C2-4920-BE98-07112FDEA34E}
	EndGlobalSection
EndGlobal
