
Microsoft Visual Studio Solution File, Format Version 12.00
# Visual Studio Version 17
VisualStudioVersion = 17.8.34330.188
MinimumVisualStudioVersion = 10.0.40219.1
Project("{FAE04EC0-301F-11D3-BF4B-00C04F79EFBC}") = "U", "U\U.csproj", "{742313B9-00E6-4A10-BE0C-6DB3CB226B75}"
EndProject
Global
	GlobalSection(SolutionConfigurationPlatforms) = preSolution
		Debug|Any CPU = Debug|Any CPU
		Release|Any CPU = Release|Any CPU
	EndGlobalSection
	GlobalSection(ProjectConfigurationPlatforms) = postSolution
		{742313B9-00E6-4A10-BE0C-6DB3CB226B75}.Debug|Any CPU.ActiveCfg = Debug|Any CPU
		{742313B9-00E6-4A10-BE0C-6DB3CB226B75}.Debug|Any CPU.Build.0 = Debug|Any CPU
		{742313B9-00E6-4A10-BE0C-6DB3CB226B75}.Release|Any CPU.ActiveCfg = Release|Any CPU
		{742313B9-00E6-4A10-BE0C-6DB3CB226B75}.Release|Any CPU.Build.0 = Release|Any CPU
	EndGlobalSection
	GlobalSection(SolutionProperties) = preSolution
		HideSolutionNode = FALSE
	EndGlobalSection
	GlobalSection(ExtensibilityGlobals) = postSolution
		SolutionGuid = {B6252761-E0D4-4CA2-B23E-ECEC35320C02}
	EndGlobalSection
EndGlobal
