
Microsoft Visual Studio Solution File, Format Version 12.00
# Visual Studio Version 17
VisualStudioVersion = 17.8.34330.188
MinimumVisualStudioVersion = 10.0.40219.1
Project("{FAE04EC0-301F-11D3-BF4B-00C04F79EFBC}") = "Z", "Z\Z.csproj", "{A69EFE27-C77E-4BCE-B8FD-2CE6129E871D}"
EndProject
Global
	GlobalSection(SolutionConfigurationPlatforms) = preSolution
		Debug|Any CPU = Debug|Any CPU
		Release|Any CPU = Release|Any CPU
	EndGlobalSection
	GlobalSection(ProjectConfigurationPlatforms) = postSolution
		{A69EFE27-C77E-4BCE-B8FD-2CE6129E871D}.Debug|Any CPU.ActiveCfg = Debug|Any CPU
		{A69EFE27-C77E-4BCE-B8FD-2CE6129E871D}.Debug|Any CPU.Build.0 = Debug|Any CPU
		{A69EFE27-C77E-4BCE-B8FD-2CE6129E871D}.Release|Any CPU.ActiveCfg = Release|Any CPU
		{A69EFE27-C77E-4BCE-B8FD-2CE6129E871D}.Release|Any CPU.Build.0 = Release|Any CPU
	EndGlobalSection
	GlobalSection(SolutionProperties) = preSolution
		HideSolutionNode = FALSE
	EndGlobalSection
	GlobalSection(ExtensibilityGlobals) = postSolution
		SolutionGuid = {FE4B1D11-758D-4027-B260-4615403D1E8A}
	EndGlobalSection
EndGlobal
