
Microsoft Visual Studio Solution File, Format Version 12.00
# Visual Studio Version 17
VisualStudioVersion = 17.8.34330.188
MinimumVisualStudioVersion = 10.0.40219.1
Project("{FAE04EC0-301F-11D3-BF4B-00C04F79EFBC}") = "P", "P\P.csproj", "{F4A71584-8D6D-427D-9B0B-D2A9B76E1273}"
EndProject
Global
	GlobalSection(SolutionConfigurationPlatforms) = preSolution
		Debug|Any CPU = Debug|Any CPU
		Release|Any CPU = Release|Any CPU
	EndGlobalSection
	GlobalSection(ProjectConfigurationPlatforms) = postSolution
		{F4A71584-8D6D-427D-9B0B-D2A9B76E1273}.Debug|Any CPU.ActiveCfg = Debug|Any CPU
		{F4A71584-8D6D-427D-9B0B-D2A9B76E1273}.Debug|Any CPU.Build.0 = Debug|Any CPU
		{F4A71584-8D6D-427D-9B0B-D2A9B76E1273}.Release|Any CPU.ActiveCfg = Release|Any CPU
		{F4A71584-8D6D-427D-9B0B-D2A9B76E1273}.Release|Any CPU.Build.0 = Release|Any CPU
	EndGlobalSection
	GlobalSection(SolutionProperties) = preSolution
		HideSolutionNode = FALSE
	EndGlobalSection
	GlobalSection(ExtensibilityGlobals) = postSolution
		SolutionGuid = {CD6D0E5F-A36A-4605-B58F-8E285F682DAD}
	EndGlobalSection
EndGlobal
